Microsoft Visual Studio Solution File, Format Version 12.00
# Visual Studio Version 17
VisualStudioVersion = 17.5.2.0
MinimumVisualStudioVersion = 10.0.40219.1
Project("{FAE04EC0-301F-11D3-BF4B-00C04F79EFBC}") = "SaveGameReader", "SaveGameReader\SaveGameReader.csproj", "{8B647831-1D52-D0B7-243F-70ECEF31ED56}"
EndProject
Project("{FAE04EC0-301F-11D3-BF4B-00C04F79EFBC}") = "Package", "G:\User data\Documents\Sims Tools\Sims4Tools-0.6.0\s4pi\Package\Package.csproj", "{9D8BB6F7-373E-4FBC-B5E8-9709B4CE9A37}"
EndProject
Project("{FAE04EC0-301F-11D3-BF4B-00C04F79EFBC}") = "Interfaces", "G:\User data\Documents\Sims Tools\Sims4Tools-0.6.0\s4pi\Interfaces\Interfaces.csproj", "{51023BD2-9139-438D-B794-95E5EC023537}"
EndProject
Global
	GlobalSection(SolutionConfigurationPlatforms) = preSolution
		Debug|Any CPU = Debug|Any CPU
		Debug|x86 = Debug|x86
		Release|Any CPU = Release|Any CPU
		Release|x86 = Release|x86
	EndGlobalSection
	GlobalSection(ProjectConfigurationPlatforms) = postSolution
		{8B647831-1D52-D0B7-243F-70ECEF31ED56}.Debug|Any CPU.ActiveCfg = Debug|Any CPU
		{8B647831-1D52-D0B7-243F-70ECEF31ED56}.Debug|Any CPU.Build.0 = Debug|Any CPU
		{8B647831-1D52-D0B7-243F-70ECEF31ED56}.Debug|x86.ActiveCfg = Debug|x86
		{8B647831-1D52-D0B7-243F-70ECEF31ED56}.Debug|x86.Build.0 = Debug|x86
		{8B647831-1D52-D0B7-243F-70ECEF31ED56}.Release|Any CPU.ActiveCfg = Release|Any CPU
		{8B647831-1D52-D0B7-243F-70ECEF31ED56}.Release|Any CPU.Build.0 = Release|Any CPU
		{8B647831-1D52-D0B7-243F-70ECEF31ED56}.Release|x86.ActiveCfg = Release|x86
		{8B647831-1D52-D0B7-243F-70ECEF31ED56}.Release|x86.Build.0 = Release|x86
		{9D8BB6F7-373E-4FBC-B5E8-9709B4CE9A37}.Debug|Any CPU.ActiveCfg = Debug|Any CPU
		{9D8BB6F7-373E-4FBC-B5E8-9709B4CE9A37}.Debug|Any CPU.Build.0 = Debug|Any CPU
		{9D8BB6F7-373E-4FBC-B5E8-9709B4CE9A37}.Debug|x86.ActiveCfg = Debug|x86
		{9D8BB6F7-373E-4FBC-B5E8-9709B4CE9A37}.Debug|x86.Build.0 = Debug|x86
		{9D8BB6F7-373E-4FBC-B5E8-9709B4CE9A37}.Release|Any CPU.ActiveCfg = Release|Any CPU
		{9D8BB6F7-373E-4FBC-B5E8-9709B4CE9A37}.Release|Any CPU.Build.0 = Release|Any CPU
		{9D8BB6F7-373E-4FBC-B5E8-9709B4CE9A37}.Release|x86.ActiveCfg = Release|x86
		{9D8BB6F7-373E-4FBC-B5E8-9709B4CE9A37}.Release|x86.Build.0 = Release|x86
		{51023BD2-9139-438D-B794-95E5EC023537}.Debug|Any CPU.ActiveCfg = Debug|Any CPU
		{51023BD2-9139-438D-B794-95E5EC023537}.Debug|Any CPU.Build.0 = Debug|Any CPU
		{51023BD2-9139-438D-B794-95E5EC023537}.Debug|x86.ActiveCfg = Debug|x86
		{51023BD2-9139-438D-B794-95E5EC023537}.Debug|x86.Build.0 = Debug|x86
		{51023BD2-9139-438D-B794-95E5EC023537}.Release|Any CPU.ActiveCfg = Release|Any CPU
		{51023BD2-9139-438D-B794-95E5EC023537}.Release|Any CPU.Build.0 = Release|Any CPU
		{51023BD2-9139-438D-B794-95E5EC023537}.Release|x86.ActiveCfg = Release|x86
		{51023BD2-9139-438D-B794-95E5EC023537}.Release|x86.Build.0 = Release|x86
	EndGlobalSection
	GlobalSection(SolutionProperties) = preSolution
		HideSolutionNode = FALSE
	EndGlobalSection
	GlobalSection(ExtensibilityGlobals) = postSolution
		SolutionGuid = {5E268020-A64C-409E-B06A-2796F9449F3D}
	EndGlobalSection
EndGlobal
